
Microsoft Visual Studio Solution File, Format Version 12.00
# Visual Studio 14
VisualStudioVersion = 14.0.23107.0
MinimumVisualStudioVersion = 10.0.40219.1
Project("{FAE04EC0-301F-11D3-BF4B-00C04F79EFBC}") = "SxtaRenderExamples", "SxtaRenderExamples\SxtaRenderExamples.csproj", "{D1AD21D8-88BE-4247-8EF5-5D41AC12B5D7}"
EndProject
Project("{FAE04EC0-301F-11D3-BF4B-00C04F79EFBC}") = "SxtaRender", "SxtaRender\SxtaRender.csproj", "{2B803A3E-CC40-477B-A9CF-B1F2ABDCE6F3}"
EndProject
Project("{FAE04EC0-301F-11D3-BF4B-00C04F79EFBC}") = "SxtaRenderOSG", "SxtaRenderOSG\SxtaRenderOSG.csproj", "{574F1BAA-61B0-4253-9EC5-B853346DD26D}"
EndProject
Project("{FAE04EC0-301F-11D3-BF4B-00C04F79EFBC}") = "SxtaSceneGraph", "SxtaSceneGraph\SxtaSceneGraph.csproj", "{40D8EF77-04F1-44DE-93D3-B3C43EEDBCD8}"
EndProject
Project("{2150E333-8FDC-42A3-9474-1A3956D46DE8}") = ".nuget", ".nuget", "{B6CC4391-0BB0-4640-8E53-447147FA9B8C}"
	ProjectSection(SolutionItems) = preProject
		.nuget\NuGet.Config = .nuget\NuGet.Config
		.nuget\NuGet.exe = .nuget\NuGet.exe
		.nuget\NuGet.targets = .nuget\NuGet.targets
	EndProjectSection
EndProject
Project("{FAE04EC0-301F-11D3-BF4B-00C04F79EFBC}") = "SxtaUI", "SxtaUI\SxtaUI.csproj", "{9AC7EC15-C728-4196-BE7C-0F23442418D7}"
EndProject
Project("{FAE04EC0-301F-11D3-BF4B-00C04F79EFBC}") = "Proland", "Proland\Proland.csproj", "{A2033FEA-1C1A-4AFB-9C88-53DF36FF53E0}"
EndProject
Project("{FAE04EC0-301F-11D3-BF4B-00C04F79EFBC}") = "ObjLoader", "ObjLoader\ObjLoader.csproj", "{9B86EBEB-4D3A-4136-A90B-5C26E88B4656}"
EndProject
Project("{FAE04EC0-301F-11D3-BF4B-00C04F79EFBC}") = "SxtaRenderTests", "SxtaRenderTests\SxtaRenderTests.csproj", "{61CB66BA-B1D5-4007-9A3A-6CB3668EEAB4}"
EndProject
Project("{FAE04EC0-301F-11D3-BF4B-00C04F79EFBC}") = "GluTessellator", "GluTessellator\GluTessellator.csproj", "{42EB3659-185E-42BE-9C73-002CC98CF343}"
EndProject
Project("{FAE04EC0-301F-11D3-BF4B-00C04F79EFBC}") = "NanoVG", "NanoVG\NanoVG.csproj", "{37F92520-6B40-44C5-8294-D588F74683D7}"
EndProject
Project("{FAE04EC0-301F-11D3-BF4B-00C04F79EFBC}") = "SxtaFont", "SxtaFont\SxtaFont.csproj", "{BE26D180-B28B-484D-AA09-9B0E0417EA2C}"
EndProject
Project("{FAE04EC0-301F-11D3-BF4B-00C04F79EFBC}") = "ProlandUnitTest", "ProlandUnitTest\ProlandUnitTest.csproj", "{D0E6F900-5DE5-497E-BDC0-8FE6683144AE}"
EndProject
Global
	GlobalSection(SolutionConfigurationPlatforms) = preSolution
		Debug|Any CPU = Debug|Any CPU
		Release|Any CPU = Release|Any CPU
	EndGlobalSection
	GlobalSection(ProjectConfigurationPlatforms) = postSolution
		{D1AD21D8-88BE-4247-8EF5-5D41AC12B5D7}.Debug|Any CPU.ActiveCfg = Debug|Any CPU
		{D1AD21D8-88BE-4247-8EF5-5D41AC12B5D7}.Debug|Any CPU.Build.0 = Debug|Any CPU
		{D1AD21D8-88BE-4247-8EF5-5D41AC12B5D7}.Release|Any CPU.ActiveCfg = Release|Any CPU
		{D1AD21D8-88BE-4247-8EF5-5D41AC12B5D7}.Release|Any CPU.Build.0 = Release|Any CPU
		{2B803A3E-CC40-477B-A9CF-B1F2ABDCE6F3}.Debug|Any CPU.ActiveCfg = Debug|Any CPU
		{2B803A3E-CC40-477B-A9CF-B1F2ABDCE6F3}.Debug|Any CPU.Build.0 = Debug|Any CPU
		{2B803A3E-CC40-477B-A9CF-B1F2ABDCE6F3}.Release|Any CPU.ActiveCfg = Release|Any CPU
		{2B803A3E-CC40-477B-A9CF-B1F2ABDCE6F3}.Release|Any CPU.Build.0 = Release|Any CPU
		{574F1BAA-61B0-4253-9EC5-B853346DD26D}.Debug|Any CPU.ActiveCfg = Debug|Any CPU
		{574F1BAA-61B0-4253-9EC5-B853346DD26D}.Debug|Any CPU.Build.0 = Debug|Any CPU
		{574F1BAA-61B0-4253-9EC5-B853346DD26D}.Release|Any CPU.ActiveCfg = Release|Any CPU
		{574F1BAA-61B0-4253-9EC5-B853346DD26D}.Release|Any CPU.Build.0 = Release|Any CPU
		{40D8EF77-04F1-44DE-93D3-B3C43EEDBCD8}.Debug|Any CPU.ActiveCfg = Debug|Any CPU
		{40D8EF77-04F1-44DE-93D3-B3C43EEDBCD8}.Debug|Any CPU.Build.0 = Debug|Any CPU
		{40D8EF77-04F1-44DE-93D3-B3C43EEDBCD8}.Release|Any CPU.ActiveCfg = Release|Any CPU
		{40D8EF77-04F1-44DE-93D3-B3C43EEDBCD8}.Release|Any CPU.Build.0 = Release|Any CPU
		{9AC7EC15-C728-4196-BE7C-0F23442418D7}.Debug|Any CPU.ActiveCfg = Debug|Any CPU
		{9AC7EC15-C728-4196-BE7C-0F23442418D7}.Debug|Any CPU.Build.0 = Debug|Any CPU
		{9AC7EC15-C728-4196-BE7C-0F23442418D7}.Release|Any CPU.ActiveCfg = Release|Any CPU
		{9AC7EC15-C728-4196-BE7C-0F23442418D7}.Release|Any CPU.Build.0 = Release|Any CPU
		{A2033FEA-1C1A-4AFB-9C88-53DF36FF53E0}.Debug|Any CPU.ActiveCfg = Debug|Any CPU
		{A2033FEA-1C1A-4AFB-9C88-53DF36FF53E0}.Debug|Any CPU.Build.0 = Debug|Any CPU
		{A2033FEA-1C1A-4AFB-9C88-53DF36FF53E0}.Release|Any CPU.ActiveCfg = Release|Any CPU
		{A2033FEA-1C1A-4AFB-9C88-53DF36FF53E0}.Release|Any CPU.Build.0 = Release|Any CPU
		{9B86EBEB-4D3A-4136-A90B-5C26E88B4656}.Debug|Any CPU.ActiveCfg = Debug|Any CPU
		{9B86EBEB-4D3A-4136-A90B-5C26E88B4656}.Debug|Any CPU.Build.0 = Debug|Any CPU
		{9B86EBEB-4D3A-4136-A90B-5C26E88B4656}.Release|Any CPU.ActiveCfg = Release|Any CPU
		{9B86EBEB-4D3A-4136-A90B-5C26E88B4656}.Release|Any CPU.Build.0 = Release|Any CPU
		{61CB66BA-B1D5-4007-9A3A-6CB3668EEAB4}.Debug|Any CPU.ActiveCfg = Debug|Any CPU
		{61CB66BA-B1D5-4007-9A3A-6CB3668EEAB4}.Debug|Any CPU.Build.0 = Debug|Any CPU
		{61CB66BA-B1D5-4007-9A3A-6CB3668EEAB4}.Release|Any CPU.ActiveCfg = Release|Any CPU
		{61CB66BA-B1D5-4007-9A3A-6CB3668EEAB4}.Release|Any CPU.Build.0 = Release|Any CPU
		{42EB3659-185E-42BE-9C73-002CC98CF343}.Debug|Any CPU.ActiveCfg = Debug|Any CPU
		{42EB3659-185E-42BE-9C73-002CC98CF343}.Debug|Any CPU.Build.0 = Debug|Any CPU
		{42EB3659-185E-42BE-9C73-002CC98CF343}.Release|Any CPU.ActiveCfg = Release|Any CPU
		{42EB3659-185E-42BE-9C73-002CC98CF343}.Release|Any CPU.Build.0 = Release|Any CPU
		{37F92520-6B40-44C5-8294-D588F74683D7}.Debug|Any CPU.ActiveCfg = Debug|Any CPU
		{37F92520-6B40-44C5-8294-D588F74683D7}.Debug|Any CPU.Build.0 = Debug|Any CPU
		{37F92520-6B40-44C5-8294-D588F74683D7}.Release|Any CPU.ActiveCfg = Release|Any CPU
		{37F92520-6B40-44C5-8294-D588F74683D7}.Release|Any CPU.Build.0 = Release|Any CPU
		{BE26D180-B28B-484D-AA09-9B0E0417EA2C}.Debug|Any CPU.ActiveCfg = Debug|Any CPU
		{BE26D180-B28B-484D-AA09-9B0E0417EA2C}.Debug|Any CPU.Build.0 = Debug|Any CPU
		{BE26D180-B28B-484D-AA09-9B0E0417EA2C}.Release|Any CPU.ActiveCfg = Release|Any CPU
		{BE26D180-B28B-484D-AA09-9B0E0417EA2C}.Release|Any CPU.Build.0 = Release|Any CPU
		{D0E6F900-5DE5-497E-BDC0-8FE6683144AE}.Debug|Any CPU.ActiveCfg = Debug|Any CPU
		{D0E6F900-5DE5-497E-BDC0-8FE6683144AE}.Debug|Any CPU.Build.0 = Debug|Any CPU
		{D0E6F900-5DE5-497E-BDC0-8FE6683144AE}.Release|Any CPU.ActiveCfg = Release|Any CPU
		{D0E6F900-5DE5-497E-BDC0-8FE6683144AE}.Release|Any CPU.Build.0 = Release|Any CPU
	EndGlobalSection
	GlobalSection(SolutionProperties) = preSolution
		HideSolutionNode = FALSE
	EndGlobalSection
EndGlobal
